# THIS IS AN AUTOGENERATED FILE. DO NOT EDIT THIS FILE DIRECTLY.
# yarn lockfile v1


"@types/urijs@^1.19.15":
  version "1.19.15"
  resolved "https://registry.yarnpkg.com/@types/urijs/-/urijs-1.19.15.tgz#0142b92b52d07c4ba97dd82e7a54a875332942ec"
  integrity sha512-pEDVREIvkyRtzpWlO5nqsUgR/JpLv9+lAzvkERCwoH2jXxl+TmaTNshhL7gjQLhfqgFUzCM6ovmoB1JssTop1A==

axios@^0.21.1:
  version "0.21.1"
  resolved "https://registry.yarnpkg.com/axios/-/axios-0.21.1.tgz#22563481962f4d6bde9a76d516ef0e5d3c09b2b8"
  integrity sha512-dKQiRHxGD9PPRIUNIWvZhPTPpl1rf/OxTYKsqKUDjBwYylTvV7SjSHJb9ratfyzM6wCdLCOYLzs73qpg5c4iGA==
  dependencies:
    follow-redirects "^1.10.0"

follow-redirects@^1.10.0:
  version "1.13.0"
  resolved "https://registry.yarnpkg.com/follow-redirects/-/follow-redirects-1.13.0.tgz#b42e8d93a2a7eea5ed88633676d6597bc8e384db"
  integrity sha512-aq6gF1BEKje4a9i9+5jimNFIpq4Q1WiwBToeRK5NvZBd/TRsmW8BsJfOEGkr76TbOyPVD3OVDN910EcUNtRYEA==

urijs@^1.19.6:
  version "1.19.6"
  resolved "https://registry.yarnpkg.com/urijs/-/urijs-1.19.6.tgz#51f8cb17ca16faefb20b9a31ac60f84aa2b7c870"
  integrity sha512-eSXsXZ2jLvGWeLYlQA3Gh36BcjF+0amo92+wHPyN1mdR8Nxf75fuEuYTd9c0a+m/vhCjRK0ESlE9YNLW+E1VEw==

wait-for-async@^0.5.0:
  version "0.5.0"
  resolved "https://registry.yarnpkg.com/wait-for-async/-/wait-for-async-0.5.0.tgz#632b0262e8997e6fd4f0dea64a612f23a1380916"
  integrity sha512-fyPjbUCgqNlOBZBV/VscFz3GlqOpFwnsp5mo61BbiXgUfPKUSw3U+hx1n5o65fu6GpfzrSB0KN6P8+O5KCFXtw==
