# THIS IS AN AUTOGENERATED FILE. DO NOT EDIT THIS FILE DIRECTLY.
# yarn lockfile v1


"@types/urijs@^1.19.14":
  version "1.19.14"
  resolved "https://registry.yarnpkg.com/@types/urijs/-/urijs-1.19.14.tgz#1c714cfbc23eb9e3f840dd02b7e8284ab85f1a6b"
  integrity sha512-Ds9OMd4xZqI2zZtoOicASAi0SvFPyNPgkfgPrPeUTQwcJOX1w6Mwkpq8ClI4ZP11nsEI6akvKqRDV+epA8yzRw==

urijs@^1.19.6:
  version "1.19.6"
  resolved "https://registry.yarnpkg.com/urijs/-/urijs-1.19.6.tgz#51f8cb17ca16faefb20b9a31ac60f84aa2b7c870"
  integrity sha512-eSXsXZ2jLvGWeLYlQA3Gh36BcjF+0amo92+wHPyN1mdR8Nxf75fuEuYTd9c0a+m/vhCjRK0ESlE9YNLW+E1VEw==
