# THIS IS AN AUTOGENERATED FILE. DO NOT EDIT THIS FILE DIRECTLY.
# yarn lockfile v1


"@types/urijs@^1.19.18":
  version "1.19.18"
  resolved "https://registry.yarnpkg.com/@types/urijs/-/urijs-1.19.18.tgz#bf92d5b7c32bf41fc161c3660b8e3a78a9a4333e"
  integrity sha512-tjftsOLuIWFLJxcpgFeehNnMhpMIv0ELJl0/i31jiV3au1GQpnd3/pTTDQg2zO5cSGJxtrDzMgebOH7+cqh3Vg==

urijs@^1.19.7:
  version "1.19.7"
  resolved "https://registry.yarnpkg.com/urijs/-/urijs-1.19.7.tgz#4f594e59113928fea63c00ce688fb395b1168ab9"
  integrity sha512-Id+IKjdU0Hx+7Zx717jwLPsPeUqz7rAtuVBRLLs+qn+J2nf9NGITWVCxcijgYxBqe83C7sqsQPs6H1pyz3x9gA==
