# THIS IS AN AUTOGENERATED FILE. DO NOT EDIT THIS FILE DIRECTLY.
# yarn lockfile v1


"@types/urijs@^1.19.16":
  version "1.19.16"
  resolved "https://registry.yarnpkg.com/@types/urijs/-/urijs-1.19.16.tgz#156658c47438fa867db5dce4d2949fe1ca0878e2"
  integrity sha512-WgxqcUSEYijGnNWHSln/uqay+AywS3mEhLC+d2PwLsru2fLeMblvxP67Y/SCfB2Pxe+dX/zbIoNNzXY+VKOtNA==

urijs@^1.19.7:
  version "1.19.7"
  resolved "https://registry.yarnpkg.com/urijs/-/urijs-1.19.7.tgz#4f594e59113928fea63c00ce688fb395b1168ab9"
  integrity sha512-Id+IKjdU0Hx+7Zx717jwLPsPeUqz7rAtuVBRLLs+qn+J2nf9NGITWVCxcijgYxBqe83C7sqsQPs6H1pyz3x9gA==
