# THIS IS AN AUTOGENERATED FILE. DO NOT EDIT THIS FILE DIRECTLY.
# yarn lockfile v1


"@types/node@*":
  version "14.0.23"
  resolved "https://registry.yarnpkg.com/@types/node/-/node-14.0.23.tgz#676fa0883450ed9da0bb24156213636290892806"
  integrity sha512-Z4U8yDAl5TFkmYsZdFPdjeMa57NOvnaf1tljHzhouaPEp7LCj2JKkejpI1ODviIAQuW4CcQmxkQ77rnLsOOoKw==

"@types/ws@^7.2.6":
  version "7.2.6"
  resolved "https://registry.yarnpkg.com/@types/ws/-/ws-7.2.6.tgz#516cbfb818310f87b43940460e065eb912a4178d"
  integrity sha512-Q07IrQUSNpr+cXU4E4LtkSIBPie5GLZyyMC1QtQYRLWz701+XcoVygGUZgvLqElq1nU4ICldMYPnexlBsg3dqQ==
  dependencies:
    "@types/node" "*"

http-status-codes@^1.4.0:
  version "1.4.0"
  resolved "https://registry.yarnpkg.com/http-status-codes/-/http-status-codes-1.4.0.tgz#6e4c15d16ff3a9e2df03b89f3a55e1aae05fb477"
  integrity sha512-JrT3ua+WgH8zBD3HEJYbeEgnuQaAnUeRRko/YojPAJjGmIfGD3KPU/asLdsLwKjfxOmQe5nXMQ0pt/7MyapVbQ==

hyperid@^2.0.5:
  version "2.0.5"
  resolved "https://registry.yarnpkg.com/hyperid/-/hyperid-2.0.5.tgz#fecedad4e9868d548c096482917c33090bccd2be"
  integrity sha512-kg0+DOmWo3HSFvWWMCQJJhzEB4kg5z/83l4eFDaeAMJ5E2zbQzTEewAmVtOqdRElU9yRFJhCOuegUk0M6RZfiw==
  dependencies:
    uuid "^3.4.0"
    uuid-parse "^1.1.0"

isomorphic-ws@^4.0.1:
  version "4.0.1"
  resolved "https://registry.yarnpkg.com/isomorphic-ws/-/isomorphic-ws-4.0.1.tgz#55fd4cd6c5e6491e76dc125938dd863f5cd4f2dc"
  integrity sha512-BhBvN2MBpWTaSHdWRb/bwdZJ1WaehQ2L1KngkCkfLUGF0mAWAT1sQUQacEmQ0jXkFw/czDXPNQSL5u2/Krsz1w==

uuid-parse@^1.1.0:
  version "1.1.0"
  resolved "https://registry.yarnpkg.com/uuid-parse/-/uuid-parse-1.1.0.tgz#7061c5a1384ae0e1f943c538094597e1b5f3a65b"
  integrity sha512-OdmXxA8rDsQ7YpNVbKSJkNzTw2I+S5WsbMDnCtIWSQaosNAcWtFuI/YK1TjzUI6nbkgiqEyh8gWngfcv8Asd9A==

uuid@^3.4.0:
  version "3.4.0"
  resolved "https://registry.yarnpkg.com/uuid/-/uuid-3.4.0.tgz#b23e4358afa8a202fe7a100af1f5f883f02007ee"
  integrity sha512-HjSDRw6gZE5JMggctHBcjVak08+KEVhSIiDzFnT9S9aegmp85S/bReBVTb4QTFaRNptJ9kuYaNhnbNEOkbKb/A==

wait-for-async@^0.5.0:
  version "0.5.0"
  resolved "https://registry.yarnpkg.com/wait-for-async/-/wait-for-async-0.5.0.tgz#632b0262e8997e6fd4f0dea64a612f23a1380916"
  integrity sha512-fyPjbUCgqNlOBZBV/VscFz3GlqOpFwnsp5mo61BbiXgUfPKUSw3U+hx1n5o65fu6GpfzrSB0KN6P8+O5KCFXtw==

ws@^7.3.1:
  version "7.3.1"
  resolved "https://registry.yarnpkg.com/ws/-/ws-7.3.1.tgz#d0547bf67f7ce4f12a72dfe31262c68d7dc551c8"
  integrity sha512-D3RuNkynyHmEJIpD2qrgVkc9DQ23OrN/moAwZX4L8DfvszsJxpjQuUq3LMx6HoYji9fbIOBY18XWBsAux1ZZUA==
