# THIS IS AN AUTOGENERATED FILE. DO NOT EDIT THIS FILE DIRECTLY.
# yarn lockfile v1


"@types/lodash@^4.14.179":
  version "4.14.179"
  resolved "https://registry.yarnpkg.com/@types/lodash/-/lodash-4.14.179.tgz#490ec3288088c91295780237d2497a3aa9dfb5c5"
  integrity sha512-uwc1x90yCKqGcIOAT6DwOSuxnrAbpkdPsUOZtwrXb4D/6wZs+6qG7QnIawDuZWg0sWpxl+ltIKCaLoMlna678w==

"@types/node@*":
  version "16.11.6"
  resolved "https://registry.yarnpkg.com/@types/node/-/node-16.11.6.tgz#6bef7a2a0ad684cf6e90fcfe31cecabd9ce0a3ae"
  integrity sha512-ua7PgUoeQFjmWPcoo9khiPum3Pd60k4/2ZGXt18sm2Slk0W0xZTqt5Y0Ny1NyBiN1EVQ/+FaF9NcY4Qe6rwk5w==

"@types/ws@^8.5.1":
  version "8.5.1"
  resolved "https://registry.yarnpkg.com/@types/ws/-/ws-8.5.1.tgz#79136958b48bc73d5165f286707ceb9f04471599"
  integrity sha512-UxlLOfkuQnT2YSBCNq0x86SGOUxas6gAySFeDe2DcnEnA8655UIPoCDorWZCugcvKIL8IUI4oueUfJ1hhZSE2A==
  dependencies:
    "@types/node" "*"

http-status-codes@^2.2.0:
  version "2.2.0"
  resolved "https://registry.yarnpkg.com/http-status-codes/-/http-status-codes-2.2.0.tgz#bb2efe63d941dfc2be18e15f703da525169622be"
  integrity sha512-feERVo9iWxvnejp3SEfm/+oNG517npqL2/PIA8ORjyOZjGC7TwCRQsZylciLS64i6pJ0wRYz3rkXLRwbtFa8Ng==

hyperid@^3.0.1:
  version "3.0.1"
  resolved "https://registry.yarnpkg.com/hyperid/-/hyperid-3.0.1.tgz#6e9f965d79291e0465f4325568d028168b6b851b"
  integrity sha512-I+tl7TS5nsoVhkxqX1rS3Qmqlq44eoPUcgPthW8v3IW8CvWL7lwtd6HQbkDUMrBKJTG0vgEaRsjT35imW/D+9Q==
  dependencies:
    uuid "^8.3.2"
    uuid-parse "^1.1.0"

isomorphic-ws@^4.0.1:
  version "4.0.1"
  resolved "https://registry.yarnpkg.com/isomorphic-ws/-/isomorphic-ws-4.0.1.tgz#55fd4cd6c5e6491e76dc125938dd863f5cd4f2dc"
  integrity sha512-BhBvN2MBpWTaSHdWRb/bwdZJ1WaehQ2L1KngkCkfLUGF0mAWAT1sQUQacEmQ0jXkFw/czDXPNQSL5u2/Krsz1w==

lodash@^4.17.21:
  version "4.17.21"
  resolved "https://registry.yarnpkg.com/lodash/-/lodash-4.17.21.tgz#679591c564c3bffaae8454cf0b3df370c3d6911c"
  integrity sha512-v2kDEe57lecTulaDIuNTPy3Ry4gLGJ6Z1O3vE1krgXZNrsQ+LFTGHVxVjcXPs17LhbZVGedAJv8XZ1tvj5FvSg==

uuid-parse@^1.1.0:
  version "1.1.0"
  resolved "https://registry.yarnpkg.com/uuid-parse/-/uuid-parse-1.1.0.tgz#7061c5a1384ae0e1f943c538094597e1b5f3a65b"
  integrity sha512-OdmXxA8rDsQ7YpNVbKSJkNzTw2I+S5WsbMDnCtIWSQaosNAcWtFuI/YK1TjzUI6nbkgiqEyh8gWngfcv8Asd9A==

uuid@^8.3.2:
  version "8.3.2"
  resolved "https://registry.yarnpkg.com/uuid/-/uuid-8.3.2.tgz#80d5b5ced271bb9af6c445f21a1a04c606cefbe2"
  integrity sha512-+NYs2QeMWy+GWFOEm9xnn6HCDp0l7QBD7ml8zLUmJ+93Q5NF0NocErnwkTkXVFNiX3/fpC6afS8Dhb/gz7R7eg==

wait-for-async@^0.6.0:
  version "0.6.0"
  resolved "https://registry.yarnpkg.com/wait-for-async/-/wait-for-async-0.6.0.tgz#b3a50eaef3dcbc18cbc52987d7ac82e515023781"
  integrity sha512-jf5TFOroKPeRq/LZ1PQRFsN3xLw8H002UAikKLjv/km0YZ1okTbLw4gxmFt6etu2jfzsBuzVJjvSuM92/THqFg==

ws@^8.5.0:
  version "8.5.0"
  resolved "https://registry.yarnpkg.com/ws/-/ws-8.5.0.tgz#bfb4be96600757fe5382de12c670dab984a1ed4f"
  integrity sha512-BWX0SWVgLPzYwF8lTzEy1egjhS4S4OEAHfsO8o65WOVsrnSRGaSiUaa9e0ggGlkMTtBlmOpEXiie9RUcBO86qg==
