# THIS IS AN AUTOGENERATED FILE. DO NOT EDIT THIS FILE DIRECTLY.
# yarn lockfile v1


"@types/node@*":
  version "14.14.7"
  resolved "https://registry.yarnpkg.com/@types/node/-/node-14.14.7.tgz#8ea1e8f8eae2430cf440564b98c6dfce1ec5945d"
  integrity sha512-Zw1vhUSQZYw+7u5dAwNbIA9TuTotpzY/OF7sJM9FqPOF3SPjKnxrjoTktXDZgUjybf4cWVBP7O8wvKdSaGHweg==

"@types/ws@^7.4.0":
  version "7.4.0"
  resolved "https://registry.yarnpkg.com/@types/ws/-/ws-7.4.0.tgz#499690ea08736e05a8186113dac37769ab251a0e"
  integrity sha512-Y29uQ3Uy+58bZrFLhX36hcI3Np37nqWE7ky5tjiDoy1GDZnIwVxS0CgF+s+1bXMzjKBFy+fqaRfb708iNzdinw==
  dependencies:
    "@types/node" "*"

http-status-codes@^2.1.4:
  version "2.1.4"
  resolved "https://registry.yarnpkg.com/http-status-codes/-/http-status-codes-2.1.4.tgz#453d99b4bd9424254c4f6a9a3a03715923052798"
  integrity sha512-MZVIsLKGVOVE1KEnldppe6Ij+vmemMuApDfjhVSLzyYP+td0bREEYyAoIw9yFePoBXManCuBqmiNP5FqJS5Xkg==

hyperid@^2.0.5:
  version "2.0.5"
  resolved "https://registry.yarnpkg.com/hyperid/-/hyperid-2.0.5.tgz#fecedad4e9868d548c096482917c33090bccd2be"
  integrity sha512-kg0+DOmWo3HSFvWWMCQJJhzEB4kg5z/83l4eFDaeAMJ5E2zbQzTEewAmVtOqdRElU9yRFJhCOuegUk0M6RZfiw==
  dependencies:
    uuid "^3.4.0"
    uuid-parse "^1.1.0"

isomorphic-ws@^4.0.1:
  version "4.0.1"
  resolved "https://registry.yarnpkg.com/isomorphic-ws/-/isomorphic-ws-4.0.1.tgz#55fd4cd6c5e6491e76dc125938dd863f5cd4f2dc"
  integrity sha512-BhBvN2MBpWTaSHdWRb/bwdZJ1WaehQ2L1KngkCkfLUGF0mAWAT1sQUQacEmQ0jXkFw/czDXPNQSL5u2/Krsz1w==

uuid-parse@^1.1.0:
  version "1.1.0"
  resolved "https://registry.yarnpkg.com/uuid-parse/-/uuid-parse-1.1.0.tgz#7061c5a1384ae0e1f943c538094597e1b5f3a65b"
  integrity sha512-OdmXxA8rDsQ7YpNVbKSJkNzTw2I+S5WsbMDnCtIWSQaosNAcWtFuI/YK1TjzUI6nbkgiqEyh8gWngfcv8Asd9A==

uuid@^3.4.0:
  version "3.4.0"
  resolved "https://registry.yarnpkg.com/uuid/-/uuid-3.4.0.tgz#b23e4358afa8a202fe7a100af1f5f883f02007ee"
  integrity sha512-HjSDRw6gZE5JMggctHBcjVak08+KEVhSIiDzFnT9S9aegmp85S/bReBVTb4QTFaRNptJ9kuYaNhnbNEOkbKb/A==

ws@^7.4.0:
  version "7.4.0"
  resolved "https://registry.yarnpkg.com/ws/-/ws-7.4.0.tgz#a5dd76a24197940d4a8bb9e0e152bb4503764da7"
  integrity sha512-kyFwXuV/5ymf+IXhS6f0+eAFvydbaBW3zjpT6hUdAh/hbVjTIB5EHBGi0bPoCLSK2wcuz3BrEkB9LrYv1Nm4NQ==
