# THIS IS AN AUTOGENERATED FILE. DO NOT EDIT THIS FILE DIRECTLY.
# yarn lockfile v1


"@types/node@*":
  version "15.12.2"
  resolved "https://registry.yarnpkg.com/@types/node/-/node-15.12.2.tgz#1f2b42c4be7156ff4a6f914b2fb03d05fa84e38d"
  integrity sha512-zjQ69G564OCIWIOHSXyQEEDpdpGl+G348RAKY0XXy9Z5kU9Vzv1GMNnkar/ZJ8dzXB3COzD9Mo9NtRZ4xfgUww==

"@types/ws@^7.4.4":
  version "7.4.4"
  resolved "https://registry.yarnpkg.com/@types/ws/-/ws-7.4.4.tgz#93e1e00824c1de2608c30e6de4303ab3b4c0c9bc"
  integrity sha512-d/7W23JAXPodQNbOZNXvl2K+bqAQrCMwlh/nuQsPSQk6Fq0opHoPrUw43aHsvSbIiQPr8Of2hkFbnz1XBFVyZQ==
  dependencies:
    "@types/node" "*"

http-status-codes@^2.1.4:
  version "2.1.4"
  resolved "https://registry.yarnpkg.com/http-status-codes/-/http-status-codes-2.1.4.tgz#453d99b4bd9424254c4f6a9a3a03715923052798"
  integrity sha512-MZVIsLKGVOVE1KEnldppe6Ij+vmemMuApDfjhVSLzyYP+td0bREEYyAoIw9yFePoBXManCuBqmiNP5FqJS5Xkg==

hyperid@^2.1.0:
  version "2.1.0"
  resolved "https://registry.yarnpkg.com/hyperid/-/hyperid-2.1.0.tgz#2f5ed7537e87e8fddd344710a610be501b3d2da6"
  integrity sha512-cSakhxbUsaIuqjfvvcUuvl/Fl342J65xgLLYrYxSSr9qmJ/EJK+S8crS6mIlQd/a7i+Pe4D0MgSrtZPLze+aCw==
  dependencies:
    uuid "^3.4.0"
    uuid-parse "^1.1.0"

isomorphic-ws@^4.0.1:
  version "4.0.1"
  resolved "https://registry.yarnpkg.com/isomorphic-ws/-/isomorphic-ws-4.0.1.tgz#55fd4cd6c5e6491e76dc125938dd863f5cd4f2dc"
  integrity sha512-BhBvN2MBpWTaSHdWRb/bwdZJ1WaehQ2L1KngkCkfLUGF0mAWAT1sQUQacEmQ0jXkFw/czDXPNQSL5u2/Krsz1w==

uuid-parse@^1.1.0:
  version "1.1.0"
  resolved "https://registry.yarnpkg.com/uuid-parse/-/uuid-parse-1.1.0.tgz#7061c5a1384ae0e1f943c538094597e1b5f3a65b"
  integrity sha512-OdmXxA8rDsQ7YpNVbKSJkNzTw2I+S5WsbMDnCtIWSQaosNAcWtFuI/YK1TjzUI6nbkgiqEyh8gWngfcv8Asd9A==

uuid@^3.4.0:
  version "3.4.0"
  resolved "https://registry.yarnpkg.com/uuid/-/uuid-3.4.0.tgz#b23e4358afa8a202fe7a100af1f5f883f02007ee"
  integrity sha512-HjSDRw6gZE5JMggctHBcjVak08+KEVhSIiDzFnT9S9aegmp85S/bReBVTb4QTFaRNptJ9kuYaNhnbNEOkbKb/A==

wait-for-async@^0.5.0:
  version "0.5.0"
  resolved "https://registry.yarnpkg.com/wait-for-async/-/wait-for-async-0.5.0.tgz#632b0262e8997e6fd4f0dea64a612f23a1380916"
  integrity sha512-fyPjbUCgqNlOBZBV/VscFz3GlqOpFwnsp5mo61BbiXgUfPKUSw3U+hx1n5o65fu6GpfzrSB0KN6P8+O5KCFXtw==

ws@^7.4.6:
  version "7.4.6"
  resolved "https://registry.yarnpkg.com/ws/-/ws-7.4.6.tgz#5654ca8ecdeee47c33a9a4bf6d28e2be2980377c"
  integrity sha512-YmhHDO4MzaDLB+M9ym/mDA5z0naX8j7SIlT8f8z+I0VtzsRbekxEutHSme7NPS2qE8StCYQNUnfWdXta/Yu85A==
