# THIS IS AN AUTOGENERATED FILE. DO NOT EDIT THIS FILE DIRECTLY.
# yarn lockfile v1


"@ringcentral/sdk@^4.4.2":
  version "4.4.2"
  resolved "https://registry.yarnpkg.com/@ringcentral/sdk/-/sdk-4.4.2.tgz#6467558589c2f5a55a0161da5de75db710306e89"
  integrity sha512-fcnVYuB1U/zExx0xpJ5I8mhnEgAjSSPGlnwdWDqKYJzxgS/m6v/zbJqPDuSSdqB4YqT4tUpClrewizRK2x4ZUg==
  dependencies:
    dom-storage "2.1.0"
    is-plain-object "2.0.4"
    node-fetch "2.6.1"

dom-storage@2.1.0:
  version "2.1.0"
  resolved "https://registry.yarnpkg.com/dom-storage/-/dom-storage-2.1.0.tgz#00fb868bc9201357ea243c7bcfd3304c1e34ea39"
  integrity sha512-g6RpyWXzl0RR6OTElHKBl7nwnK87GUyZMYC7JWsB/IA73vpqK2K6LT39x4VepLxlSsWBFrPVLnsSR5Jyty0+2Q==

is-plain-object@2.0.4:
  version "2.0.4"
  resolved "https://registry.yarnpkg.com/is-plain-object/-/is-plain-object-2.0.4.tgz#2c163b3fafb1b606d9d17928f05c2a1c38e07677"
  integrity sha512-h5PpgXkWitc38BBMYawTYMWJHFZJVnBquFE57xFpjB8pJFiF6gZ+bU+WyI/yqXiFR5mdLsgYNaPe8uao6Uv9Og==
  dependencies:
    isobject "^3.0.1"

isobject@^3.0.1:
  version "3.0.1"
  resolved "https://registry.yarnpkg.com/isobject/-/isobject-3.0.1.tgz#4e431e92b11a9731636aa1f9c8d1ccbcfdab78df"
  integrity sha1-TkMekrEalzFjaqH5yNHMvP2reN8=

node-fetch@2.6.1:
  version "2.6.1"
  resolved "https://registry.yarnpkg.com/node-fetch/-/node-fetch-2.6.1.tgz#045bd323631f76ed2e2b55573394416b639a0052"
  integrity sha512-V4aYg89jEoVRxRb2fJdAg8FHvI7cEyYdVAh94HH0UIK8oJxUfkjlDQN9RbMx+bEjP7+ggMiFRprSti032Oipxw==
