{
	"name": "@ringcentral-extensible/ws",
	"version": "0.1.0",
	"lockfileVersion": 1,
	"requires": true,
	"dependencies": {
		"@types/color-name": {
			"version": "1.1.1",
			"resolved": "https://registry.npmjs.org/@types/color-name/-/color-name-1.1.1.tgz",
			"integrity": "sha512-rr+OQyAjxze7GgWrSaJwydHStIhHq2lvY3BOC2Mj7KnzI7XK0Uw1TOOdI9lDoajEbSWLiYgoo4f1R51erQfhPQ==",
			"dev": true
		},
		"@types/node": {
			"version": "14.0.23",
			"resolved": "https://registry.npmjs.org/@types/node/-/node-14.0.23.tgz",
			"integrity": "sha512-Z4U8yDAl5TFkmYsZdFPdjeMa57NOvnaf1tljHzhouaPEp7LCj2JKkejpI1ODviIAQuW4CcQmxkQ77rnLsOOoKw=="
		},
		"@types/ws": {
			"version": "7.2.6",
			"resolved": "https://registry.npmjs.org/@types/ws/-/ws-7.2.6.tgz",
			"integrity": "sha512-Q07IrQUSNpr+cXU4E4LtkSIBPie5GLZyyMC1QtQYRLWz701+XcoVygGUZgvLqElq1nU4ICldMYPnexlBsg3dqQ==",
			"requires": {
				"@types/node": "*"
			}
		},
		"ansi-styles": {
			"version": "4.2.1",
			"resolved": "https://registry.npmjs.org/ansi-styles/-/ansi-styles-4.2.1.tgz",
			"integrity": "sha512-9VGjrMsG1vePxcSweQsN20KY/c4zN0h9fLjqAbwbPfahM3t+NL+M9HC8xeXG2I8pX5NoamTGNuomEUFI7fcUjA==",
			"dev": true,
			"requires": {
				"@types/color-name": "^1.1.1",
				"color-convert": "^2.0.1"
			}
		},
		"chalk": {
			"version": "4.1.0",
			"resolved": "https://registry.npmjs.org/chalk/-/chalk-4.1.0.tgz",
			"integrity": "sha512-qwx12AxXe2Q5xQ43Ac//I6v5aXTipYrSESdOgzrN+9XjgEpyjpKuvSGaN4qE93f7TQTlerQQ8S+EQ0EyDoVL1A==",
			"dev": true,
			"requires": {
				"ansi-styles": "^4.1.0",
				"supports-color": "^7.1.0"
			}
		},
		"color-convert": {
			"version": "2.0.1",
			"resolved": "https://registry.npmjs.org/color-convert/-/color-convert-2.0.1.tgz",
			"integrity": "sha512-RRECPsj7iu/xb5oKYcsFHSppFNnsj/52OVTRKb4zP5onXwVF3zVmmToNcOfGC+CRDpfK/U584fMg38ZHCaElKQ==",
			"dev": true,
			"requires": {
				"color-name": "~1.1.4"
			}
		},
		"color-name": {
			"version": "1.1.4",
			"resolved": "https://registry.npmjs.org/color-name/-/color-name-1.1.4.tgz",
			"integrity": "sha512-dOy+3AuW3a2wNbZHIuMZpTcgjGuLU/uBL/ubcZF9OXbDo8ff4O8yVp5Bf0efS8uEoYo5q4Fx7dY9OgQGXgAsQA==",
			"dev": true
		},
		"commander": {
			"version": "5.1.0",
			"resolved": "https://registry.npmjs.org/commander/-/commander-5.1.0.tgz",
			"integrity": "sha512-P0CysNDQ7rtVw4QIQtm+MRxV66vKFSvlsQvGYXZWR3qFU0jlMKHZZZgw8e+8DSah4UDKMqnknRDQz+xuQXQ/Zg==",
			"dev": true
		},
		"has-flag": {
			"version": "4.0.0",
			"resolved": "https://registry.npmjs.org/has-flag/-/has-flag-4.0.0.tgz",
			"integrity": "sha512-EykJT/Q1KjTWctppgIAgfSO0tKVuZUjhgMr17kqTumMl6Afv3EISleU7qZUzoXDFTAHTDC4NOoG/ZxU3EvlMPQ==",
			"dev": true
		},
		"http-status-codes": {
			"version": "1.4.0",
			"resolved": "https://registry.npmjs.org/http-status-codes/-/http-status-codes-1.4.0.tgz",
			"integrity": "sha512-JrT3ua+WgH8zBD3HEJYbeEgnuQaAnUeRRko/YojPAJjGmIfGD3KPU/asLdsLwKjfxOmQe5nXMQ0pt/7MyapVbQ=="
		},
		"hyperid": {
			"version": "2.0.5",
			"resolved": "https://registry.npmjs.org/hyperid/-/hyperid-2.0.5.tgz",
			"integrity": "sha512-kg0+DOmWo3HSFvWWMCQJJhzEB4kg5z/83l4eFDaeAMJ5E2zbQzTEewAmVtOqdRElU9yRFJhCOuegUk0M6RZfiw==",
			"requires": {
				"uuid": "^3.4.0",
				"uuid-parse": "^1.1.0"
			}
		},
		"isomorphic-ws": {
			"version": "4.0.1",
			"resolved": "https://registry.npmjs.org/isomorphic-ws/-/isomorphic-ws-4.0.1.tgz",
			"integrity": "sha512-BhBvN2MBpWTaSHdWRb/bwdZJ1WaehQ2L1KngkCkfLUGF0mAWAT1sQUQacEmQ0jXkFw/czDXPNQSL5u2/Krsz1w=="
		},
		"supports-color": {
			"version": "7.1.0",
			"resolved": "https://registry.npmjs.org/supports-color/-/supports-color-7.1.0.tgz",
			"integrity": "sha512-oRSIpR8pxT1Wr2FquTNnGet79b3BWljqOuoW/h4oBhxJ/HUbX5nX6JSruTkvXDCFMwDPvsaTTbvMLKZWSy0R5g==",
			"dev": true,
			"requires": {
				"has-flag": "^4.0.0"
			}
		},
		"uuid": {
			"version": "3.4.0",
			"resolved": "https://registry.npmjs.org/uuid/-/uuid-3.4.0.tgz",
			"integrity": "sha512-HjSDRw6gZE5JMggctHBcjVak08+KEVhSIiDzFnT9S9aegmp85S/bReBVTb4QTFaRNptJ9kuYaNhnbNEOkbKb/A=="
		},
		"uuid-parse": {
			"version": "1.1.0",
			"resolved": "https://registry.npmjs.org/uuid-parse/-/uuid-parse-1.1.0.tgz",
			"integrity": "sha512-OdmXxA8rDsQ7YpNVbKSJkNzTw2I+S5WsbMDnCtIWSQaosNAcWtFuI/YK1TjzUI6nbkgiqEyh8gWngfcv8Asd9A=="
		},
		"yarn-upgrade-all": {
			"version": "0.5.4",
			"resolved": "https://registry.npmjs.org/yarn-upgrade-all/-/yarn-upgrade-all-0.5.4.tgz",
			"integrity": "sha512-XaFO3Yv6cXEBizancbRxJT3fdgHfiESNJoV/czWzXRXN2CZBk61IQIFbmeMRE6HhXcBGd+rVmnUg5Csw4axdDA==",
			"dev": true,
			"requires": {
				"chalk": "^4.1.0",
				"commander": "^5.1.0"
			}
		}
	}
}
