# THIS IS AN AUTOGENERATED FILE. DO NOT EDIT THIS FILE DIRECTLY.
# yarn lockfile v1


"@rc-ex/retry@^0.7.7":
  version "0.7.7"
  resolved "https://registry.yarnpkg.com/@rc-ex/retry/-/retry-0.7.7.tgz#7f6e302177fafca4f517c349dca4e3248d7f0f76"
  integrity sha512-rwj4WNjLjj9QhVyWVb122yNqa4wtMqaKe0NZmrsfPsfj0vLY3oVFRixPoZKKCJEr3USpFJNoKekosax61uW0BA==
  dependencies:
    wait-for-async "^0.5.0"

wait-for-async@^0.5.0:
  version "0.5.0"
  resolved "https://registry.yarnpkg.com/wait-for-async/-/wait-for-async-0.5.0.tgz#632b0262e8997e6fd4f0dea64a612f23a1380916"
  integrity sha512-fyPjbUCgqNlOBZBV/VscFz3GlqOpFwnsp5mo61BbiXgUfPKUSw3U+hx1n5o65fu6GpfzrSB0KN6P8+O5KCFXtw==
