# THIS IS AN AUTOGENERATED FILE. DO NOT EDIT THIS FILE DIRECTLY.
# yarn lockfile v1


"@rc-ex/retry@^0.7.8":
  version "0.7.8"
  resolved "https://registry.yarnpkg.com/@rc-ex/retry/-/retry-0.7.8.tgz#a18a1ebaa930e264f50e516db5dc22327dce1e0d"
  integrity sha512-ZfmrSDp4n70TgQpMvUQWjnu9kfF0DW3KU/uY8rlUDbhdsnXnJHpit9eWLS2qfsvce7bPfuZ/oh/Gn4VFdmDqQg==
  dependencies:
    wait-for-async "^0.5.0"

wait-for-async@^0.5.0:
  version "0.5.0"
  resolved "https://registry.yarnpkg.com/wait-for-async/-/wait-for-async-0.5.0.tgz#632b0262e8997e6fd4f0dea64a612f23a1380916"
  integrity sha512-fyPjbUCgqNlOBZBV/VscFz3GlqOpFwnsp5mo61BbiXgUfPKUSw3U+hx1n5o65fu6GpfzrSB0KN6P8+O5KCFXtw==
