# THIS IS AN AUTOGENERATED FILE. DO NOT EDIT THIS FILE DIRECTLY.
# yarn lockfile v1


"@rc-ex/retry@^0.5.5":
  version "0.5.5"
  resolved "https://registry.yarnpkg.com/@rc-ex/retry/-/retry-0.5.5.tgz#42d77aa4e3fe04bcd399f6d2049a53e0eb6a1bf1"
  integrity sha512-dawFR0zAiTGOmUzAFj2pySgRWq/rNAAtHngJ38uM19Gs7GcC1KFIZOIhiVj7vgm/TKe6xzKDdbdCpCRaiX3sgg==
  dependencies:
    wait-for-async "^0.5.0"

wait-for-async@^0.5.0:
  version "0.5.0"
  resolved "https://registry.yarnpkg.com/wait-for-async/-/wait-for-async-0.5.0.tgz#632b0262e8997e6fd4f0dea64a612f23a1380916"
  integrity sha512-fyPjbUCgqNlOBZBV/VscFz3GlqOpFwnsp5mo61BbiXgUfPKUSw3U+hx1n5o65fu6GpfzrSB0KN6P8+O5KCFXtw==
