{
	"name": "@ringcentral-extensible/rcsdk",
	"version": "0.1.0",
	"lockfileVersion": 1,
	"requires": true,
	"dependencies": {
		"@ringcentral/sdk": {
			"version": "4.3.2",
			"resolved": "https://registry.npmjs.org/@ringcentral/sdk/-/sdk-4.3.2.tgz",
			"integrity": "sha512-L4o+Kz6oHwPXn2/8eaCj2dJrosTMOQMtbH081LI0BrxgckpeYTSTraE+IZTukadYgrsMONBcyZXVHD9rJoX/YA==",
			"dev": true,
			"requires": {
				"dom-storage": "2.1.0",
				"is-plain-object": "2.0.4",
				"node-fetch": "2.2.1"
			}
		},
		"@types/color-name": {
			"version": "1.1.1",
			"resolved": "https://registry.npmjs.org/@types/color-name/-/color-name-1.1.1.tgz",
			"integrity": "sha512-rr+OQyAjxze7GgWrSaJwydHStIhHq2lvY3BOC2Mj7KnzI7XK0Uw1TOOdI9lDoajEbSWLiYgoo4f1R51erQfhPQ==",
			"dev": true
		},
		"ansi-styles": {
			"version": "4.2.1",
			"resolved": "https://registry.npmjs.org/ansi-styles/-/ansi-styles-4.2.1.tgz",
			"integrity": "sha512-9VGjrMsG1vePxcSweQsN20KY/c4zN0h9fLjqAbwbPfahM3t+NL+M9HC8xeXG2I8pX5NoamTGNuomEUFI7fcUjA==",
			"dev": true,
			"requires": {
				"@types/color-name": "^1.1.1",
				"color-convert": "^2.0.1"
			}
		},
		"chalk": {
			"version": "4.1.0",
			"resolved": "https://registry.npmjs.org/chalk/-/chalk-4.1.0.tgz",
			"integrity": "sha512-qwx12AxXe2Q5xQ43Ac//I6v5aXTipYrSESdOgzrN+9XjgEpyjpKuvSGaN4qE93f7TQTlerQQ8S+EQ0EyDoVL1A==",
			"dev": true,
			"requires": {
				"ansi-styles": "^4.1.0",
				"supports-color": "^7.1.0"
			}
		},
		"color-convert": {
			"version": "2.0.1",
			"resolved": "https://registry.npmjs.org/color-convert/-/color-convert-2.0.1.tgz",
			"integrity": "sha512-RRECPsj7iu/xb5oKYcsFHSppFNnsj/52OVTRKb4zP5onXwVF3zVmmToNcOfGC+CRDpfK/U584fMg38ZHCaElKQ==",
			"dev": true,
			"requires": {
				"color-name": "~1.1.4"
			}
		},
		"color-name": {
			"version": "1.1.4",
			"resolved": "https://registry.npmjs.org/color-name/-/color-name-1.1.4.tgz",
			"integrity": "sha512-dOy+3AuW3a2wNbZHIuMZpTcgjGuLU/uBL/ubcZF9OXbDo8ff4O8yVp5Bf0efS8uEoYo5q4Fx7dY9OgQGXgAsQA==",
			"dev": true
		},
		"commander": {
			"version": "5.1.0",
			"resolved": "https://registry.npmjs.org/commander/-/commander-5.1.0.tgz",
			"integrity": "sha512-P0CysNDQ7rtVw4QIQtm+MRxV66vKFSvlsQvGYXZWR3qFU0jlMKHZZZgw8e+8DSah4UDKMqnknRDQz+xuQXQ/Zg==",
			"dev": true
		},
		"dom-storage": {
			"version": "2.1.0",
			"resolved": "https://registry.npmjs.org/dom-storage/-/dom-storage-2.1.0.tgz",
			"integrity": "sha512-g6RpyWXzl0RR6OTElHKBl7nwnK87GUyZMYC7JWsB/IA73vpqK2K6LT39x4VepLxlSsWBFrPVLnsSR5Jyty0+2Q==",
			"dev": true
		},
		"has-flag": {
			"version": "4.0.0",
			"resolved": "https://registry.npmjs.org/has-flag/-/has-flag-4.0.0.tgz",
			"integrity": "sha512-EykJT/Q1KjTWctppgIAgfSO0tKVuZUjhgMr17kqTumMl6Afv3EISleU7qZUzoXDFTAHTDC4NOoG/ZxU3EvlMPQ==",
			"dev": true
		},
		"is-plain-object": {
			"version": "2.0.4",
			"resolved": "https://registry.npmjs.org/is-plain-object/-/is-plain-object-2.0.4.tgz",
			"integrity": "sha512-h5PpgXkWitc38BBMYawTYMWJHFZJVnBquFE57xFpjB8pJFiF6gZ+bU+WyI/yqXiFR5mdLsgYNaPe8uao6Uv9Og==",
			"dev": true,
			"requires": {
				"isobject": "^3.0.1"
			}
		},
		"isobject": {
			"version": "3.0.1",
			"resolved": "https://registry.npmjs.org/isobject/-/isobject-3.0.1.tgz",
			"integrity": "sha1-TkMekrEalzFjaqH5yNHMvP2reN8=",
			"dev": true
		},
		"node-fetch": {
			"version": "2.2.1",
			"resolved": "https://registry.npmjs.org/node-fetch/-/node-fetch-2.2.1.tgz",
			"integrity": "sha512-ObXBpNCD3A/vYQiQtEWl7DuqjAXjfptYFuGHLdPl5U19/6kJuZV+8uMHLrkj3wJrJoyfg4nhgyFixZdaZoAiEQ==",
			"dev": true
		},
		"supports-color": {
			"version": "7.1.0",
			"resolved": "https://registry.npmjs.org/supports-color/-/supports-color-7.1.0.tgz",
			"integrity": "sha512-oRSIpR8pxT1Wr2FquTNnGet79b3BWljqOuoW/h4oBhxJ/HUbX5nX6JSruTkvXDCFMwDPvsaTTbvMLKZWSy0R5g==",
			"dev": true,
			"requires": {
				"has-flag": "^4.0.0"
			}
		},
		"yarn-upgrade-all": {
			"version": "0.5.4",
			"resolved": "https://registry.npmjs.org/yarn-upgrade-all/-/yarn-upgrade-all-0.5.4.tgz",
			"integrity": "sha512-XaFO3Yv6cXEBizancbRxJT3fdgHfiESNJoV/czWzXRXN2CZBk61IQIFbmeMRE6HhXcBGd+rVmnUg5Csw4axdDA==",
			"dev": true,
			"requires": {
				"chalk": "^4.1.0",
				"commander": "^5.1.0"
			}
		}
	}
}
