# THIS IS AN AUTOGENERATED FILE. DO NOT EDIT THIS FILE DIRECTLY.
# yarn lockfile v1


wait-for-async@^0.6.0:
  version "0.6.0"
  resolved "https://registry.yarnpkg.com/wait-for-async/-/wait-for-async-0.6.0.tgz#b3a50eaef3dcbc18cbc52987d7ac82e515023781"
  integrity sha512-jf5TFOroKPeRq/LZ1PQRFsN3xLw8H002UAikKLjv/km0YZ1okTbLw4gxmFt6etu2jfzsBuzVJjvSuM92/THqFg==
